# @generated - this file is auto-generated by `mise lock` https://mise.jdx.dev/dev-tools/mise-lock.html

lockfile_version = 1

[[tools.aube]]
version = "2.1.0"
backend = "aqua:jdx/aube"
specifiers = ["2.1"]

[tools.aube."platforms.linux-arm64"]
checksum = "sha256:43c7845d162c30973e38526c42cac9d87dd2b2bd6365ad5868daf10b026d898f"
url = "https://github.com/jdx/aube/releases/download/v2.1.0/aube-v2.1.0-aarch64-unknown-linux-gnu.tar.gz"
url_api = "https://api.github.com/repos/jdx/aube/releases/assets/526714837"

[tools.aube."platforms.linux-arm64-musl"]
checksum = "sha256:ba7c8af15998ff08cc23a2536accedd2ffd727b7c8a87e019ca89ced5d986c9e"
url = "https://github.com/jdx/aube/releases/download/v2.1.0/aube-v2.1.0-aarch64-unknown-linux-musl.tar.gz"
url_api = "https://api.github.com/repos/jdx/aube/releases/assets/526690502"

[tools.aube."platforms.linux-x64"]
checksum = "sha256:fa226a827eb36fad7be8bf997c25d5ef10ff1873f875ab6925b137202910a466"
url = "https://github.com/jdx/aube/releases/download/v2.1.0/aube-v2.1.0-x86_64-unknown-linux-gnu.tar.gz"
url_api = "https://api.github.com/repos/jdx/aube/releases/assets/526695884"

[tools.aube."platforms.linux-x64-musl"]
checksum = "sha256:f7a62bb220bc3a3782ed2e6f6c9ed943fb1924258b4d0528e63d930650b46797"
url = "https://github.com/jdx/aube/releases/download/v2.1.0/aube-v2.1.0-x86_64-unknown-linux-musl.tar.gz"
url_api = "https://api.github.com/repos/jdx/aube/releases/assets/526694836"
provenance = "github-attestations"

[tools.aube."platforms.macos-arm64"]
checksum = "sha256:4e5d7e7bab65c3c4f5a4db0022d6fe5516e51b1ddbbdf604b537d4a73aa682fd"
url = "https://github.com/jdx/aube/releases/download/v2.1.0/aube-v2.1.0-aarch64-apple-darwin.tar.gz"
url_api = "https://api.github.com/repos/jdx/aube/releases/assets/526711957"

[tools.aube."platforms.windows-x64"]
checksum = "sha256:36ce2e3e2876fc89f619a6b773c5ecc5f9319edb851cec3648a0fd513f8be3c9"
url = "https://github.com/jdx/aube/releases/download/v2.1.0/aube-v2.1.0-x86_64-pc-windows-msvc.zip"
url_api = "https://api.github.com/repos/jdx/aube/releases/assets/526709956"
provenance = "github-attestations"

[[tools.node]]
version = "24.20.0"
backend = "core:node"
specifiers = ["24"]

[tools.node."platforms.linux-arm64"]
checksum = "sha256:3515603e2487879a39bc75716f1a2affd027500c64ba50e845cf72cb33219013"
url = "https://nodejs.org/dist/v24.20.0/node-v24.20.0-linux-arm64.tar.gz"

[tools.node."platforms.linux-arm64-musl"]
checksum = "sha256:2c8c507ccb0f20812d9526ba8ca454b1652aadef68fc8bad06f07fb1122dd1ef"
url = "https://unofficial-builds.nodejs.org/download/release/v24.20.0/node-v24.20.0-linux-arm64-musl.tar.gz"

[tools.node."platforms.linux-x64"]
checksum = "sha256:855d581f8a4eb1a8117e3426de25fe02770592febcfb31369aee1ffbfee9e8ec"
url = "https://nodejs.org/dist/v24.20.0/node-v24.20.0-linux-x64.tar.gz"

[tools.node."platforms.linux-x64-musl"]
checksum = "sha256:9ae1399fef4bd8990e15773ce1327b336a20b9e97d8c7549f4f42ca73c43f562"
url = "https://unofficial-builds.nodejs.org/download/release/v24.20.0/node-v24.20.0-linux-x64-musl.tar.gz"

[tools.node."platforms.macos-arm64"]
checksum = "sha256:40e5607e5ecb3db9192723776da2d75d966260fc74a7a9e731c1bd67dda96bc8"
url = "https://nodejs.org/dist/v24.20.0/node-v24.20.0-darwin-arm64.tar.gz"

[tools.node."platforms.macos-x64"]
checksum = "sha256:9e5b2644cf107befb6aefca676b96d3296bc10138096f022ed378d6233ed81f4"
url = "https://nodejs.org/dist/v24.20.0/node-v24.20.0-darwin-x64.tar.gz"

[tools.node."platforms.windows-x64"]
checksum = "sha256:6cac9ffbca8f6a47091e4b5c772e0606049c3871cb67d900c0cedde630e545ba"
url = "https://nodejs.org/dist/v24.20.0/node-v24.20.0-win-x64.zip"

[[tools."npm:portless"]]
version = "0.15.6"
backend = "npm:portless"
specifiers = ["0.15.6"]

[[tools.python]]
version = "3.11.16"
backend = "core:python"
specifiers = ["3.11"]

[tools.python."platforms.linux-arm64"]
checksum = "sha256:f9308ed57184fae73941c712ed847be420ce36d31ba73ce53f0508a1ee752f68"
url = "https://github.com/astral-sh/python-build-standalone/releases/download/20260901/cpython-3.11.16+20260901-aarch64-unknown-linux-gnu-install_only_stripped.tar.gz"
provenance = "github-attestations"

[tools.python."platforms.linux-arm64-musl"]
checksum = "sha256:813b67d5f87d5b40081b56598f3b1c5849769c088d149a30553e1e39da0183a7"
url = "https://github.com/astral-sh/python-build-standalone/releases/download/20260901/cpython-3.11.16+20260901-aarch64-unknown-linux-musl-install_only_stripped.tar.gz"
provenance = "github-attestations"

[tools.python."platforms.linux-x64"]
checksum = "sha256:64427febea27864d136db46c8efe968eb6fa5ca2813ce1dca4bb95aec31cb2e4"
url = "https://github.com/astral-sh/python-build-standalone/releases/download/20260901/cpython-3.11.16+20260901-x86_64-unknown-linux-gnu-install_only_stripped.tar.gz"
provenance = "github-attestations"

[tools.python."platforms.linux-x64-musl"]
checksum = "sha256:34418632930361c52693e6d4cfd91d3a124b5139a1bed31eb7e77d4f0a955053"
url = "https://github.com/astral-sh/python-build-standalone/releases/download/20260901/cpython-3.11.16+20260901-x86_64-unknown-linux-musl-install_only_stripped.tar.gz"
provenance = "github-attestations"

[tools.python."platforms.macos-arm64"]
checksum = "sha256:768f05cf200273bbdda9a5955a5a6892a4b22f2a0b1e4b0a9160f5c7fce86816"
url = "https://github.com/astral-sh/python-build-standalone/releases/download/20260901/cpython-3.11.16+20260901-aarch64-apple-darwin-install_only_stripped.tar.gz"
provenance = "github-attestations"

[tools.python."platforms.macos-x64"]
checksum = "sha256:908b381433f78b832c8d64960ced0f85871893cc8779f413f963e0c9e293c258"
url = "https://github.com/astral-sh/python-build-standalone/releases/download/20260901/cpython-3.11.16+20260901-x86_64-apple-darwin-install_only_stripped.tar.gz"
provenance = "github-attestations"

[tools.python."platforms.windows-x64"]
checksum = "sha256:06cbe479e039f5b9cb5640c286d790074d63f549f92a32d599a3748293bd4510"
url = "https://github.com/astral-sh/python-build-standalone/releases/download/20260901/cpython-3.11.16+20260901-x86_64-pc-windows-msvc-install_only_stripped.tar.gz"
provenance = "github-attestations"

[[tools.ruff]]
version = "0.16.5"
backend = "aqua:astral-sh/ruff"
specifiers = ["0.16.5"]

[tools.ruff."platforms.linux-arm64"]
checksum = "sha256:796079ea998dba3e455394077ba51a4c500c2402d3920580c646a0580f20370c"
url = "https://github.com/astral-sh/ruff/releases/download/0.16.5/ruff-aarch64-unknown-linux-gnu.tar.gz"
url_api = "https://api.github.com/repos/astral-sh/ruff/releases/assets/532582816"
provenance = "github-attestations"

[tools.ruff."platforms.linux-arm64-musl"]
checksum = "sha256:ae88ae21344546a4b3e5d342360197ea8e79d3794d673cc807c6f302d8b87f03"
url = "https://github.com/astral-sh/ruff/releases/download/0.16.5/ruff-aarch64-unknown-linux-musl.tar.gz"
url_api = "https://api.github.com/repos/astral-sh/ruff/releases/assets/532582818"
provenance = "github-attestations"

[tools.ruff."platforms.linux-x64"]
checksum = "sha256:65b8bae7e43f12a91b71036a52176012b3aefb725d5ae263e2771474110a0983"
url = "https://github.com/astral-sh/ruff/releases/download/0.16.5/ruff-x86_64-unknown-linux-gnu.tar.gz"
url_api = "https://api.github.com/repos/astral-sh/ruff/releases/assets/532582898"
provenance = "github-attestations"

[tools.ruff."platforms.linux-x64-musl"]
checksum = "sha256:0c560ee4a72245c6d0c9cdfd9dd69cbdc348b9448349707cf4061cea62472059"
url = "https://github.com/astral-sh/ruff/releases/download/0.16.5/ruff-x86_64-unknown-linux-musl.tar.gz"
url_api = "https://api.github.com/repos/astral-sh/ruff/releases/assets/532582902"
provenance = "github-attestations"

[tools.ruff."platforms.macos-arm64"]
checksum = "sha256:ed142f8656e0092828c103dd058b55b871c88e13a801cade8f860d8a9ca8943e"
url = "https://github.com/astral-sh/ruff/releases/download/0.16.5/ruff-aarch64-apple-darwin.tar.gz"
url_api = "https://api.github.com/repos/astral-sh/ruff/releases/assets/532582805"
provenance = "github-attestations"

[tools.ruff."platforms.macos-x64"]
checksum = "sha256:4895245fe294cd9f38b8c941b9aa009b3015729f73327bdbf8a716b7fec8f84d"
url = "https://github.com/astral-sh/ruff/releases/download/0.16.5/ruff-x86_64-apple-darwin.tar.gz"
url_api = "https://api.github.com/repos/astral-sh/ruff/releases/assets/532582887"
provenance = "github-attestations"

[tools.ruff."platforms.windows-x64"]
checksum = "sha256:02fe2fc6d04eb4e768c34daaca4990b327ea83e84b0eac58affb924c0f554a75"
url = "https://github.com/astral-sh/ruff/releases/download/0.16.5/ruff-x86_64-pc-windows-msvc.zip"
url_api = "https://api.github.com/repos/astral-sh/ruff/releases/assets/532582890"
provenance = "github-attestations"

[[tools.shellcheck]]
version = "0.11.0"
backend = "aqua:koalaman/shellcheck"
specifiers = ["0.11.0"]

[tools.shellcheck."platforms.linux-arm64"]
checksum = "sha256:12b331c1d2db6b9eb13cfca64306b1b157a86eb69db83023e261eaa7e7c14588"
url = "https://github.com/koalaman/shellcheck/releases/download/v0.11.0/shellcheck-v0.11.0.linux.aarch64.tar.xz"
url_api = "https://api.github.com/repos/koalaman/shellcheck/releases/assets/279056934"

[tools.shellcheck."platforms.linux-arm64-musl"]
checksum = "sha256:12b331c1d2db6b9eb13cfca64306b1b157a86eb69db83023e261eaa7e7c14588"
url = "https://github.com/koalaman/shellcheck/releases/download/v0.11.0/shellcheck-v0.11.0.linux.aarch64.tar.xz"
url_api = "https://api.github.com/repos/koalaman/shellcheck/releases/assets/279056934"

[tools.shellcheck."platforms.linux-x64"]
checksum = "sha256:8c3be12b05d5c177a04c29e3c78ce89ac86f1595681cab149b65b97c4e227198"
url = "https://github.com/koalaman/shellcheck/releases/download/v0.11.0/shellcheck-v0.11.0.linux.x86_64.tar.xz"
url_api = "https://api.github.com/repos/koalaman/shellcheck/releases/assets/279056942"

[tools.shellcheck."platforms.linux-x64-musl"]
checksum = "sha256:8c3be12b05d5c177a04c29e3c78ce89ac86f1595681cab149b65b97c4e227198"
url = "https://github.com/koalaman/shellcheck/releases/download/v0.11.0/shellcheck-v0.11.0.linux.x86_64.tar.xz"
url_api = "https://api.github.com/repos/koalaman/shellcheck/releases/assets/279056942"

[tools.shellcheck."platforms.macos-arm64"]
checksum = "sha256:56affdd8de5527894dca6dc3d7e0a99a873b0f004d7aabc30ae407d3f48b0a79"
url = "https://github.com/koalaman/shellcheck/releases/download/v0.11.0/shellcheck-v0.11.0.darwin.aarch64.tar.xz"
url_api = "https://api.github.com/repos/koalaman/shellcheck/releases/assets/279056932"

[tools.shellcheck."platforms.macos-x64"]
checksum = "sha256:3c89db4edcab7cf1c27bff178882e0f6f27f7afdf54e859fa041fca10febe4c6"
url = "https://github.com/koalaman/shellcheck/releases/download/v0.11.0/shellcheck-v0.11.0.darwin.x86_64.tar.xz"
url_api = "https://api.github.com/repos/koalaman/shellcheck/releases/assets/279056930"

[tools.shellcheck."platforms.windows-x64"]
checksum = "sha256:8a4e35ab0b331c85d73567b12f2a444df187f483e5079ceffa6bda1faa2e740e"
url = "https://github.com/koalaman/shellcheck/releases/download/v0.11.0/shellcheck-v0.11.0.zip"
url_api = "https://api.github.com/repos/koalaman/shellcheck/releases/assets/279056944"

[[tools.uv]]
version = "0.11.33"
backend = "aqua:astral-sh/uv"
specifiers = ["0.11"]

[tools.uv."platforms.linux-arm64"]
checksum = "sha256:9ed88a9a42de3102f9704d021ab186fdf8a69a7ad9a1d3f3486ac6b1e55d6141"
url = "https://github.com/astral-sh/uv/releases/download/0.11.33/uv-aarch64-unknown-linux-gnu.tar.gz"
url_api = "https://api.github.com/repos/astral-sh/uv/releases/assets/492592452"
provenance = "github-attestations"

[tools.uv."platforms.linux-arm64-musl"]
checksum = "sha256:e256e5cf23f8c2e7d4d83f029acd662cbe7275ff24268ce1d6d2ba9016855268"
url = "https://github.com/astral-sh/uv/releases/download/0.11.33/uv-aarch64-unknown-linux-musl.tar.gz"
url_api = "https://api.github.com/repos/astral-sh/uv/releases/assets/492592458"
provenance = "github-attestations"

[tools.uv."platforms.linux-x64"]
checksum = "sha256:aa9fca823c03289fb6e3460b3dc864f3ea895cafaf9b99247701a67b17d1b018"
url = "https://github.com/astral-sh/uv/releases/download/0.11.33/uv-x86_64-unknown-linux-gnu.tar.gz"
url_api = "https://api.github.com/repos/astral-sh/uv/releases/assets/492592533"
provenance = "github-attestations"

[tools.uv."platforms.linux-x64-musl"]
checksum = "sha256:3e95b84d8a8b3390c91584d4fd0c4d326e951da2b8fb15a76719368af2795424"
url = "https://github.com/astral-sh/uv/releases/download/0.11.33/uv-x86_64-unknown-linux-musl.tar.gz"
url_api = "https://api.github.com/repos/astral-sh/uv/releases/assets/492592538"
provenance = "github-attestations"

[tools.uv."platforms.macos-arm64"]
checksum = "sha256:d75e3d2bfc203d17388edaabd3aa37958edbcbfc36219e3ee0d31bb080b4baa2"
url = "https://github.com/astral-sh/uv/releases/download/0.11.33/uv-aarch64-apple-darwin.tar.gz"
url_api = "https://api.github.com/repos/astral-sh/uv/releases/assets/492592443"
provenance = "github-attestations"

[tools.uv."platforms.macos-x64"]
checksum = "sha256:f1b919f740bd6be1d014ff58c4271b0779a32198adfb19ad9c5d1c4d9b2b4301"
url = "https://github.com/astral-sh/uv/releases/download/0.11.33/uv-x86_64-apple-darwin.tar.gz"
url_api = "https://api.github.com/repos/astral-sh/uv/releases/assets/492592523"
provenance = "github-attestations"

[tools.uv."platforms.windows-x64"]
checksum = "sha256:c253ce868ad48d29327b661452ce184c9e333e6d6f5bc8d6fcfbf4dd52b83442"
url = "https://github.com/astral-sh/uv/releases/download/0.11.33/uv-x86_64-pc-windows-msvc.zip"
url_api = "https://api.github.com/repos/astral-sh/uv/releases/assets/492592527"
provenance = "github-attestations"
